{
  "version": "4",
  "redirects": {
    "https://esm.sh/@types/color-name@~2.0.0/index.d.ts": "https://esm.sh/@types/color-name@2.0.0/index.d.ts",
    "https://esm.sh/@types/rbush@~4.0.0/index.d.ts": "https://esm.sh/@types/rbush@4.0.0/index.d.ts",
    "https://esm.sh/color-name@^2.0.0?target=denonext": "https://esm.sh/color-name@2.0.0?target=denonext",
    "https://esm.sh/color-parse@^2.0.0?target=denonext": "https://esm.sh/color-parse@2.0.2?target=denonext",
    "https://esm.sh/color-rgba@^3.0.0?target=denonext": "https://esm.sh/color-rgba@3.0.0?target=denonext",
    "https://esm.sh/color-space@^2.0.0/hsl?target=denonext": "https://esm.sh/color-space@2.1.1/hsl?target=denonext",
    "https://esm.sh/color-space@^2.0.0/rgb?target=denonext": "https://esm.sh/color-space@2.1.1/rgb?target=denonext",
    "https://esm.sh/color-space@^2.0.1/lchuv?target=denonext": "https://esm.sh/color-space@2.1.1/lchuv?target=denonext",
    "https://esm.sh/color-space@^2.0.1/rgb?target=denonext": "https://esm.sh/color-space@2.1.1/rgb?target=denonext",
    "https://esm.sh/color-space@^2.0.1/xyz?target=denonext": "https://esm.sh/color-space@2.1.1/xyz?target=denonext",
    "https://esm.sh/quickselect@^3.0.0?target=denonext": "https://esm.sh/quickselect@3.0.0?target=denonext",
    "https://esm.sh/rbush@^4.0.0?target=denonext": "https://esm.sh/rbush@4.0.1?target=denonext"
  },
  "remote": {
    "https://esm.sh/color-name@2.0.0/denonext/color-name.mjs": "4c124204315886c2addbf893c023c1ca66d755e4897455445c3855d6db5c7406",
    "https://esm.sh/color-name@2.0.0?target=denonext": "7eb626c7a7591387a91758a072f198a0459fcadb27ef0f004c944996a3a66fd0",
    "https://esm.sh/color-parse@2.0.2/denonext/color-parse.mjs": "e1d8aae05f0562759d947db9f9784caa8f9017b234bae7d60dc7c3df61aaea48",
    "https://esm.sh/color-parse@2.0.2?target=denonext": "f82fa0732eeb31b36415cac34f8da2154593293a5b5cb39e9b3b63127bf14a71",
    "https://esm.sh/color-rgba@3.0.0/denonext/color-rgba.mjs": "eae4e8719fabf3ff64f485f515aee08d8671fd614edfe8fecada1b42605ccc83",
    "https://esm.sh/color-rgba@3.0.0?target=denonext": "c34dfbd69c9b9df45250a640c0257c128f0d5413fce5a2b84f2a6c0fc3c60798",
    "https://esm.sh/color-space@2.1.1/denonext/hsl.mjs": "e8ef3992da3ebb9c3db57810cbbc9ec3b91e9f93f26acc1ed9bce628899ff7a3",
    "https://esm.sh/color-space@2.1.1/denonext/lchuv.mjs": "d5b94a6addcc5783cb74145557931f99b9c2f47f0f71a0a83e0fec75f34a5fbd",
    "https://esm.sh/color-space@2.1.1/denonext/rgb.mjs": "066adf7b430be758e665aa03bc9b56f9bc0711f461f2eddebebcf4f764ef7275",
    "https://esm.sh/color-space@2.1.1/denonext/xyz.mjs": "525e422a8e4849d8cfbcdbcf1475d0b4d0dfdae4beebb0d283d2771c02f349f7",
    "https://esm.sh/color-space@2.1.1/hsl?target=denonext": "cd7991d99c69cf97fcdeedae0d6b9c9562b09208edd59c26c122e1b0aa54be18",
    "https://esm.sh/color-space@2.1.1/lchuv?target=denonext": "f8e412010031bd9d93e3f5cec4994efe408b67d6b46e6ef4d7f2e951db7d78ff",
    "https://esm.sh/color-space@2.1.1/rgb?target=denonext": "2c9e1feb09a5bf5f7bb22b3c731b80d029d1285f4755326825a61ba3c9912bc5",
    "https://esm.sh/color-space@2.1.1/xyz?target=denonext": "0ba2a22dc978978b2b2af08c989e14532958b4070f33ddda4816d1e682000c8d",
    "https://esm.sh/ol@10.3.1/Map": "6d4471918f188848a9775a8f9cb304ff0cdbeb51c6dba1b31c081da4fe0cb72a",
    "https://esm.sh/ol@10.3.1/denonext/Collection.mjs": "3df5126c66e0d9dacdbf7d0f30b4d8d61835d4082eb4d4da54d51e2e6702cb39",
    "https://esm.sh/ol@10.3.1/denonext/CollectionEventType.mjs": "5eb2daa34f7f9af4ae840dbb33b2fc5a948b05773e417fdf32c2b607baa10e31",
    "https://esm.sh/ol@10.3.1/denonext/Disposable.mjs": "488f76622e6fa64c0db12289676fa36de4924af315eb612276b99e8b3259add0",
    "https://esm.sh/ol@10.3.1/denonext/Image.mjs": "b51f3f574a7997c4c78a5caaa77446fab6210f42a3aac144a06bfac5ba8cc573",
    "https://esm.sh/ol@10.3.1/denonext/ImageState.mjs": "a3f967f4110875f1f637b477e3cf364707b916fc21f1774f2f5f64cc5ae92078",
    "https://esm.sh/ol@10.3.1/denonext/Kinetic.mjs": "6063f88182956bb92e8536459b0caa8a0139da633d52bc1871dd68fbf937e4fe",
    "https://esm.sh/ol@10.3.1/denonext/Map.mjs": "dd441dcfce3e33c29083019edce2ebe98a09ef7ad25a908cf2f6218355e0684f",
    "https://esm.sh/ol@10.3.1/denonext/MapBrowserEvent.mjs": "5b1582dd9639265e006ee76c578b062a2eb410d30bd29a679b4f648282b21cee",
    "https://esm.sh/ol@10.3.1/denonext/MapBrowserEventHandler.mjs": "a0b751e960b1281474a96ff57d6d8fbf6032f6cf1252376778b89f225c2b15a6",
    "https://esm.sh/ol@10.3.1/denonext/MapBrowserEventType.mjs": "6f07f725b5f84b53a5c35a9f5dff67c4b203226dcc0715faa9ba905baad1a19f",
    "https://esm.sh/ol@10.3.1/denonext/MapEvent.mjs": "99f15ad8adbfe4bbf83c9fc7b71f8f2152d55fd29afc914724a12b021c794ad9",
    "https://esm.sh/ol@10.3.1/denonext/MapEventType.mjs": "4e116d44d477469ddf0fe48d51522a907467479e2f2d029fbb1708555799d539",
    "https://esm.sh/ol@10.3.1/denonext/MapProperty.mjs": "19030825f0dd453f8bcb5d16ce21fc9d9f865be1219d32524520f69b35f292c7",
    "https://esm.sh/ol@10.3.1/denonext/Object.mjs": "67d210801505cabd7297c746c4b5fd023f53a56d2c3b8a91c90d44b1176a5665",
    "https://esm.sh/ol@10.3.1/denonext/ObjectEventType.mjs": "edf639bcc38d9df59e808538fe06836bdb6e45c3bd77097c741fecce88d39aca",
    "https://esm.sh/ol@10.3.1/denonext/Observable.mjs": "de6f70ae41abad2ba3136e3dc42efbf6128089e9f17ebb515dcd7aee65c31e1b",
    "https://esm.sh/ol@10.3.1/denonext/TileQueue.mjs": "1ed0b17e2a29889486f7ce1448731a444fe86a109c00ccd8f47f44b768cffa5f",
    "https://esm.sh/ol@10.3.1/denonext/TileState.mjs": "433c20a5030d8339328e7d6dcf865b668814cfa8b5efd9b08ffb4c201dafae07",
    "https://esm.sh/ol@10.3.1/denonext/View.mjs": "cffbf6d5727104afc5d859467efef4bd0428cdf60dadd78850d70e53643ab3d7",
    "https://esm.sh/ol@10.3.1/denonext/ViewHint.mjs": "24894055ea904fbf335ef076e40db9ee92a7cb135b1b7076a78d02d01dd88230",
    "https://esm.sh/ol@10.3.1/denonext/ViewProperty.mjs": "dcba14cab16a95733bc82aea58431fb38174112979c38a8f552544b65b3e4808",
    "https://esm.sh/ol@10.3.1/denonext/array.mjs": "d786cea32cae4f985808b1d6c2767ba3235065aae4bf7ffc891dbbc71091b266",
    "https://esm.sh/ol@10.3.1/denonext/asserts.mjs": "4550bb0be1f04b8597064ef89e184c11b00f80a08ed019e2358150229a2d70b8",
    "https://esm.sh/ol@10.3.1/denonext/centerconstraint.mjs": "56f120fccfa7c1ce2106e7bcba56a2ceed42aea4ba4bd6c1d780b75ba27d7f42",
    "https://esm.sh/ol@10.3.1/denonext/color.mjs": "278827be5669f5fbcf5270d9d81b37897a38a1583a4c77ef17adafcca360d2eb",
    "https://esm.sh/ol@10.3.1/denonext/colorlike.mjs": "b6b1a85ae8e0a538de1040aea2a550676ec7d71bad5898b748c3913107f8f343",
    "https://esm.sh/ol@10.3.1/denonext/console.mjs": "f23b07e9e08ff4385c0f7747e640f1949a2984c0cef9d48c5a6872df99603886",
    "https://esm.sh/ol@10.3.1/denonext/control/Attribution.mjs": "499dc9facb0d65771b214c24f5f2efbc8d9fb58d921e11ff7e0ffa1e0d55692b",
    "https://esm.sh/ol@10.3.1/denonext/control/Control.mjs": "bc3518292689f140011813240cb62faac47140a8af5970b774aff340807c2236",
    "https://esm.sh/ol@10.3.1/denonext/control/Rotate.mjs": "d9236297e3bb36f868769159b55d6f78c18818cd1870b191f199102abeb0a12e",
    "https://esm.sh/ol@10.3.1/denonext/control/Zoom.mjs": "a560d6412ee2ae57e487e8bead84a7d0da5d51d617f5e8cd0f2f7bc0a9a646ec",
    "https://esm.sh/ol@10.3.1/denonext/control/defaults.mjs": "39e45b8761238ceb147d139354866eb223607bf534af86bd82e7e4251e33d488",
    "https://esm.sh/ol@10.3.1/denonext/coordinate.mjs": "cd197f6c5e542871d90a650ba5a2af65af958e75f3a5f51aba9ea0d71acc76ab",
    "https://esm.sh/ol@10.3.1/denonext/css.mjs": "c65872772395ac26cea6ed3991a7329032e8f9249b5880b3bbe9c4d2dbb8effe",
    "https://esm.sh/ol@10.3.1/denonext/dom.mjs": "f384b75cc6b7ecfc897257784c02cd54b98bdeb5906f91cbbab4920557616eeb",
    "https://esm.sh/ol@10.3.1/denonext/easing.mjs": "1bcaaba7107f8b3eda6b14f06e59657084de36b8562297a3d9d39c02e643242b",
    "https://esm.sh/ol@10.3.1/denonext/events.mjs": "d8ca003126adc5f05ee29fefa889c3c9bdb5b1af5a6bf0185bc20e4259fb3556",
    "https://esm.sh/ol@10.3.1/denonext/events/Event.mjs": "d41cfe5a5e9c27b50d77cb6aeb6ed7f52bea5779dfd226eb806dfa8739a5a907",
    "https://esm.sh/ol@10.3.1/denonext/events/EventType.mjs": "534d4abe5a9e228ff6924a3ceed42741c5c254c8107b1070c77fbab477a4e68d",
    "https://esm.sh/ol@10.3.1/denonext/events/Key.mjs": "d994ad4402a028a4ed6751c6df7d37a41f86626bfd29290195566716df59d434",
    "https://esm.sh/ol@10.3.1/denonext/events/Target.mjs": "cd5939a1d64ba5c19a8ec71d1988e4bee27cd5a43cbc6a4e806eef49e1d1cef0",
    "https://esm.sh/ol@10.3.1/denonext/events/condition.mjs": "2429dab9ec6c129c66e661160779711da1492ad644c064ba8a5afbcd0f64b789",
    "https://esm.sh/ol@10.3.1/denonext/expr/cpu.mjs": "a13861ba1188a5ee1311c14c22d92f98ced3985f7e0e096b51319a988d819704",
    "https://esm.sh/ol@10.3.1/denonext/expr/expression.mjs": "5cb3dfbd3ef081049c413d4481455572c1a9cc14fdd077c3309c84527780a3b1",
    "https://esm.sh/ol@10.3.1/denonext/extent.mjs": "3861c96115435ee452a70c00a6dfb035662e66139b7b457e3447ece2ff7ad0f3",
    "https://esm.sh/ol@10.3.1/denonext/extent/Relationship.mjs": "8f60ec929a346f0102e4f3e30703f78a2ec7fee22c6aa248609c4aae0259a666",
    "https://esm.sh/ol@10.3.1/denonext/functions.mjs": "0062d9cb131a42bfb388ccf6ed1f2d0fb28a6075bec59f352cef96b9ae3af0b0",
    "https://esm.sh/ol@10.3.1/denonext/geom/Geometry.mjs": "b31df175ac39bcbfd2f592f0d9003e5ce596285b043457d96979e8d6ff2f4e90",
    "https://esm.sh/ol@10.3.1/denonext/geom/LinearRing.mjs": "b7427b6d732a622456133a18dd36c90843c8634ca16a6fdeb06e6b2705ef0b7b",
    "https://esm.sh/ol@10.3.1/denonext/geom/Point.mjs": "aa17d0bb8350e3fd2a2810f760a2cb7cfb322f1ae7dbf8b6432958adaf970701",
    "https://esm.sh/ol@10.3.1/denonext/geom/Polygon.mjs": "a59fb5e1c1bf5904cde41f66b76b1e0d9dbd70925815c8fcfb36af89a2a17d8f",
    "https://esm.sh/ol@10.3.1/denonext/geom/SimpleGeometry.mjs": "30309fb9570a8e175404005de444cfb33776b950417b283ca1c4a927c78c72cd",
    "https://esm.sh/ol@10.3.1/denonext/geom/flat/area.mjs": "3caf924f64339e78a89da036eb4f4c35a7ced6f520f23cada30f4743528f86cb",
    "https://esm.sh/ol@10.3.1/denonext/geom/flat/closest.mjs": "f8853da8d489d9f28ac8f28636127eec82ab3cfe0615f2c8cdbbbc0e7eb18bdd",
    "https://esm.sh/ol@10.3.1/denonext/geom/flat/contains.mjs": "2bc8007b201ab5f000cb4d095e915d8cd45de7eae473dc41aa3ed794e4718c9a",
    "https://esm.sh/ol@10.3.1/denonext/geom/flat/deflate.mjs": "be515be02cd4e4a562fd1f30fd622b59deb7c39411f526181d642b2c6bdc08fc",
    "https://esm.sh/ol@10.3.1/denonext/geom/flat/inflate.mjs": "b0c969ca1b2f48994d201c64730bf3616e1d5e2ea9bfb33694bb4dd7887ce4de",
    "https://esm.sh/ol@10.3.1/denonext/geom/flat/interiorpoint.mjs": "34d152077915edfbe54edb2f6a03d6f0c9fa145d09f681046e3e2b46b9a20b14",
    "https://esm.sh/ol@10.3.1/denonext/geom/flat/intersectsextent.mjs": "23eb798bda3eecfae3f44a316602b5b80ba86b7b6ee71e792e45025e5f35040f",
    "https://esm.sh/ol@10.3.1/denonext/geom/flat/orient.mjs": "84fd1ac91a7c593b693f893bbaa265f90e9a9678212c80d1dcf5c497432a053f",
    "https://esm.sh/ol@10.3.1/denonext/geom/flat/reverse.mjs": "6f9effbd2464aefff7bec7fabb12932b04d25757e291158786ea653b25bac062",
    "https://esm.sh/ol@10.3.1/denonext/geom/flat/segments.mjs": "c14626f164b108b2da238c22661a3c0f846bc5de05ea79c011080e5b09841a6e",
    "https://esm.sh/ol@10.3.1/denonext/geom/flat/simplify.mjs": "6764783fa26b7e388d7335bc3c96d77e7aa18b47780ba7e79bb23b5d7f95c31d",
    "https://esm.sh/ol@10.3.1/denonext/geom/flat/transform.mjs": "7983e21f8b1979e6004ff2c597284384985ffe176f639ce18994bcb231d594e4",
    "https://esm.sh/ol@10.3.1/denonext/has.mjs": "2f2ab0374cd1f291188f9965874047cfb33daf7c8580da1038681ceb896f91a4",
    "https://esm.sh/ol@10.3.1/denonext/interaction/DoubleClickZoom.mjs": "28182c192e5da18df2275c6680e410e7f68f5637f48e3860bc9d7e989ccd9dc4",
    "https://esm.sh/ol@10.3.1/denonext/interaction/DragBox.mjs": "adf42f0bf9a4d2272626b14a666e791485963dd66d529a45a506d6db711ad32c",
    "https://esm.sh/ol@10.3.1/denonext/interaction/DragPan.mjs": "424d4bc87fbf0685323678fa98a99b1992de09cdcb181fafcacb8bc13f1c4e55",
    "https://esm.sh/ol@10.3.1/denonext/interaction/DragRotate.mjs": "8c0a07e83d07699031b3e1a27ea5b2fe2cef3b8b2d3d290ca67a05ef179641b3",
    "https://esm.sh/ol@10.3.1/denonext/interaction/DragZoom.mjs": "e85c3e4e1ee42c86991b7d60f8b4435dc970bf8db43e52bffbf0563b1b200256",
    "https://esm.sh/ol@10.3.1/denonext/interaction/Interaction.mjs": "fd9edb641f843175d7a1faaf89880d0ce0529c3f2c7f1b4a57947a33f6cffafb",
    "https://esm.sh/ol@10.3.1/denonext/interaction/KeyboardPan.mjs": "80087cc54ce238cc6be750937bcd1069d6328be27eac7a9b239f12b34044ef97",
    "https://esm.sh/ol@10.3.1/denonext/interaction/KeyboardZoom.mjs": "b6645af0b80007e2fcd1f1f2d29eb6da0ebedc44fd3cd3818f086742945d5ff7",
    "https://esm.sh/ol@10.3.1/denonext/interaction/MouseWheelZoom.mjs": "50e962adf2f129fa8312cd07bbb0e77436fc23a585b51ea7cbc00d94f3451d2d",
    "https://esm.sh/ol@10.3.1/denonext/interaction/PinchRotate.mjs": "f8b24f9e64989aba35830c4cb79dd69ea98574e554556ac41944b5e424080921",
    "https://esm.sh/ol@10.3.1/denonext/interaction/PinchZoom.mjs": "2e621bd02354d2c075c275ae71446a6ae0e9add8a5375cee6a5eb43332692495",
    "https://esm.sh/ol@10.3.1/denonext/interaction/Pointer.mjs": "5ed9bb5434fc334b5ba72c5ef4611d7d4f33e3dbaff90a50c7531abcb64f9706",
    "https://esm.sh/ol@10.3.1/denonext/interaction/Property.mjs": "00c55d723191f39c48823b47d88849d6dbf1532a69a30f8528c04b26cbcd07a9",
    "https://esm.sh/ol@10.3.1/denonext/interaction/defaults.mjs": "1dd345cd33ccaefb1acaabe9a678d6423c972bf8b1ab44206daa53a2253c4e3e",
    "https://esm.sh/ol@10.3.1/denonext/layer/Base.mjs": "aa9b2e13176639d3b78dfad9d86e353052ba0cb48cbb7e0f889c21eda956b01b",
    "https://esm.sh/ol@10.3.1/denonext/layer/BaseVector.mjs": "2826fc104b12dfc36aa7db41fb4ecb1cfa954f6cc140022a04e5335790ec871a",
    "https://esm.sh/ol@10.3.1/denonext/layer/Group.mjs": "ab44f5fdef86dc534a57c30aee3ffdd6fb0b10d50913ce9fd2939292b9db4e43",
    "https://esm.sh/ol@10.3.1/denonext/layer/Layer.mjs": "a94b14bb71d39c27b69776f5eacc1aa22744e6b1164d362476e17868c4e16ca0",
    "https://esm.sh/ol@10.3.1/denonext/layer/Property.mjs": "d96f2c01b36953e53e7384de1a440a29b84ced94cb33c52c2ded79aa5c60b010",
    "https://esm.sh/ol@10.3.1/denonext/math.mjs": "9f0f9fe222702a68235d27c97f20b37fb647a69805fd7a86024765bf699703f4",
    "https://esm.sh/ol@10.3.1/denonext/obj.mjs": "6e7664a97ace769a0b32576a6145026f7c53a5c33a6332ace9b7ea5219aea0a6",
    "https://esm.sh/ol@10.3.1/denonext/pointer/EventType.mjs": "10f72b3bd5364fdfedd44d34638a15dbb2142c0f8e4e11340c2663cc4190f058",
    "https://esm.sh/ol@10.3.1/denonext/proj.mjs": "1ff4d28f2da76ae7700ff616b2756e3dd66e0482b424fbf0eec6048566fa361f",
    "https://esm.sh/ol@10.3.1/denonext/proj/Projection.mjs": "f1c2657188bed52790bf7529f0546d35e4803124ca783b99243bc1e6cb20c0da",
    "https://esm.sh/ol@10.3.1/denonext/proj/Units.mjs": "e72c6374b73db3ca427bc2abffd3fbc76d8175852f7db34292ea6e208cb445a3",
    "https://esm.sh/ol@10.3.1/denonext/proj/epsg3857.mjs": "81e9fcc8e5a2a3c781ae899cade5e23295b9485583bdb7ac497a94f02ff66393",
    "https://esm.sh/ol@10.3.1/denonext/proj/epsg4326.mjs": "e0f303b7e6b9bb534863a965a177b06b75dd5c5746768a56392066346a55afa6",
    "https://esm.sh/ol@10.3.1/denonext/proj/projections.mjs": "c68e34ea3c3c096a5a7256f6905cc1c17001408e6e543a8a4becfe92ca8a29a2",
    "https://esm.sh/ol@10.3.1/denonext/proj/transforms.mjs": "17fe4f5cc50ebccbbe42d7b04677b9a526e64dbb90a74e19fca6423476664e3b",
    "https://esm.sh/ol@10.3.1/denonext/proj/utm.mjs": "75249a03f6b15e2956956d0e66385ea504aff637186c7ddb122950572f82da9f",
    "https://esm.sh/ol@10.3.1/denonext/render/Box.mjs": "6bf10ae82aac2080ff4033b52f9ee2a8cedfc678a10871fb6a5567b08d4c6f80",
    "https://esm.sh/ol@10.3.1/denonext/render/Event.mjs": "3285c895496e324f78107129b5d9a07b94d9f15689172d354a8aa1b8a455cca2",
    "https://esm.sh/ol@10.3.1/denonext/render/EventType.mjs": "89ec6542b8c339461b3937936c03f8ebf93f982ae1f3802d25e870a859fbecf3",
    "https://esm.sh/ol@10.3.1/denonext/render/canvas.mjs": "4d63fc70d6cc23720720360885f88584474728a463ffad9ee16ece9d9423449a",
    "https://esm.sh/ol@10.3.1/denonext/render/canvas/style.mjs": "3ce2a4d7445c7b293a9f3c16e75a0be48f78dfb899d0d9fa53b084c52de4c500",
    "https://esm.sh/ol@10.3.1/denonext/renderer/Composite.mjs": "418723bf4cc559e1286ea32815d5448211e0ebf63bc92f07b6f6c8fff2a67ef8",
    "https://esm.sh/ol@10.3.1/denonext/renderer/Map.mjs": "d7cc081694250276dca74bdaf120a60cc24566bdf7049772d68f46119f1ed725",
    "https://esm.sh/ol@10.3.1/denonext/resolutionconstraint.mjs": "40807a610872432a74af2b7bca6502c6e620062e4910dd22a4fa528f0d2172d1",
    "https://esm.sh/ol@10.3.1/denonext/rotationconstraint.mjs": "daffdb070dae77c9f60b4e486906a283199415447cbeec0540194055deda1d33",
    "https://esm.sh/ol@10.3.1/denonext/size.mjs": "730845b0cd0b3bdbcfd0bdc5eac58dbc01bdf600b960b0fff75d5aa6febb7dd6",
    "https://esm.sh/ol@10.3.1/denonext/sphere.mjs": "9033fe66e31b0274aad8396010e3168957441d35ea87b72f087f1bacb336bccb",
    "https://esm.sh/ol@10.3.1/denonext/string.mjs": "936fd39fbba8d973f70a5be607b4fa2eadbd6e83050e96f297cfe9e4c1335262",
    "https://esm.sh/ol@10.3.1/denonext/structs/PriorityQueue.mjs": "abece3ac7f174f23bda5fb6748f17081c7f62a242120d58078fd2c1906e52b00",
    "https://esm.sh/ol@10.3.1/denonext/style/Circle.mjs": "0e02dc8363d34ee88f9271ed66d466bae9ff057be4580f9e14b47604a829f14b",
    "https://esm.sh/ol@10.3.1/denonext/style/Fill.mjs": "34c595c634b9896f6eaf4608fd7383ce7b8a10cd8e719a86fe8bf186023308e4",
    "https://esm.sh/ol@10.3.1/denonext/style/Icon.mjs": "8018e7dfe3a1a8ade518c58b1f9600ce56f72470fa39e65771a0084582edec19",
    "https://esm.sh/ol@10.3.1/denonext/style/IconImage.mjs": "0f9750207fb6e8e09d7e92575de3bf0388486b6a2f1a9a3469a4c6f8ec12f5e0",
    "https://esm.sh/ol@10.3.1/denonext/style/IconImageCache.mjs": "91644f834d72cfb6b53870fa1273a9a16c2c19298392587771eb91a4d0f8e053",
    "https://esm.sh/ol@10.3.1/denonext/style/Image.mjs": "6ec23b52a222e394e9b14fc6e6b4bf8f41c52de51c7f04095a6fd5f4b386dcfb",
    "https://esm.sh/ol@10.3.1/denonext/style/RegularShape.mjs": "5a50737194557284423d2877cf99de10969d652320483f76399f4e5005e04753",
    "https://esm.sh/ol@10.3.1/denonext/style/Stroke.mjs": "3a4cce9b20a8f836bf4ebf971567afe76e0b103b94daff0e2b9eb5dee53ab6e2",
    "https://esm.sh/ol@10.3.1/denonext/style/Style.mjs": "a408893fd1b82493aaa4d82a31089fbd111f1f88497995b6260eb656adc1eb5b",
    "https://esm.sh/ol@10.3.1/denonext/style/Text.mjs": "40054916dc9e5f3c684ac1f15e8d44986a0776db5b68291abaa1462d013eef09",
    "https://esm.sh/ol@10.3.1/denonext/tilegrid/common.mjs": "f711ac62f15b7a252d3e06995d8193642a0707ae57d56d797ecacdbd1c433b38",
    "https://esm.sh/ol@10.3.1/denonext/transform.mjs": "ff7435307a398a854baff2c710b68b32b08b828e750d98af734bb4ef45d77bbc",
    "https://esm.sh/ol@10.3.1/denonext/util.mjs": "74d43b07e3915dd04f2a5bb865ddf240f782fb1278b251d5d31bf513c9789c0d",
    "https://esm.sh/quickselect@3.0.0/denonext/quickselect.mjs": "9ca4c6852515056474a567d091f7b57069e1e593a5931ee253d92abd97575909",
    "https://esm.sh/quickselect@3.0.0?target=denonext": "f1cf22afc9a8e9e24705d823eb44910ed85f0cccf02749667880db1c83fc1053",
    "https://esm.sh/rbush@4.0.1/denonext/rbush.mjs": "30be715c4cf4d717ff869acf00bc2033f89b1b37181acc540dca153e60efb047",
    "https://esm.sh/rbush@4.0.1?target=denonext": "7e9ff7b232ed6811dba8d314367833546167424b37c191732b0232b3456df29f"
  }
}
